{
  "name": "eb-errors",
  "version": "1.0.0",
  "lockfileVersion": 2,
  "requires": true,
  "packages": {
    "": {
      "name": "eb-errors",
      "version": "1.0.0",
      "license": "ISC"
    },
    "../eb-data": {
      "version": "1.0.0",
      "extraneous": true,
      "license": "ISC"
    }
  }
}
